{
  "name": "emeraldengine",
  "version": "1.0.8",
  "lockfileVersion": 3,
  "requires": true,
  "packages": {
    "": {
      "name": "emeraldengine",
      "version": "1.0.8",
      "license": "MIT",
      "dependencies": {
        "colyseus.js": "^0.16.16",
        "gl-matrix": "^3.4.3",
        "planck": "^1.4.2"
      },
      "devDependencies": {
        "typescript": "^5.0.0"
      }
    },
    "node_modules/@colyseus/httpie": {
      "version": "2.0.1",
      "resolved": "https://registry.npmjs.org/@colyseus/httpie/-/httpie-2.0.1.tgz",
      "integrity": "sha512-JvABMZzPLiyrUsVj3ElXGORRDTu+NKzXHWd1uV1R1SThAKMm06cVW6bOyADARD65bs8JJoHNNbUkW8KoRvRDzA==",
      "license": "MIT",
      "engines": {
        "node": ">=10"
      }
    },
    "node_modules/@colyseus/msgpackr": {
      "version": "1.11.2",
      "resolved": "https://registry.npmjs.org/@colyseus/msgpackr/-/msgpackr-1.11.2.tgz",
      "integrity": "sha512-MuwPFhizFKC3zmGfy0fpo+kcnZdNdnQHFVjw81v4WXHCelDeCX8yNRVtuEm8kGlHqq7qiASLC0pu0RPqYOhxXg==",
      "license": "MIT",
      "optionalDependencies": {
        "msgpackr-extract": "^3.0.2"
      }
    },
    "node_modules/@colyseus/schema": {
      "version": "3.0.59",
      "resolved": "https://registry.npmjs.org/@colyseus/schema/-/schema-3.0.59.tgz",
      "integrity": "sha512-cnaa/yl0nRpZu48kTq4Rn79aPeOd/PD/4Ug9GxCsSNVtkh4y5BwjXqTpJtxGt7NqKfV75QpVHjPXL9N5sOePfg==",
      "license": "MIT",
      "bin": {
        "schema-codegen": "bin/schema-codegen",
        "schema-debug": "bin/schema-debug"
      }
    },
    "node_modules/@msgpackr-extract/msgpackr-extract-darwin-arm64": {
      "version": "3.0.3",
      "resolved": "https://registry.npmjs.org/@msgpackr-extract/msgpackr-extract-darwin-arm64/-/msgpackr-extract-darwin-arm64-3.0.3.tgz",
      "integrity": "sha512-QZHtlVgbAdy2zAqNA9Gu1UpIuI8Xvsd1v8ic6B2pZmeFnFcMWiPLfWXh7TVw4eGEZ/C9TH281KwhVoeQUKbyjw==",
      "cpu": [
        "arm64"
      ],
      "license": "MIT",
      "optional": true,
      "os": [
        "darwin"
      ]
    },
    "node_modules/@msgpackr-extract/msgpackr-extract-darwin-x64": {
      "version": "3.0.3",
      "resolved": "https://registry.npmjs.org/@msgpackr-extract/msgpackr-extract-darwin-x64/-/msgpackr-extract-darwin-x64-3.0.3.tgz",
      "integrity": "sha512-mdzd3AVzYKuUmiWOQ8GNhl64/IoFGol569zNRdkLReh6LRLHOXxU4U8eq0JwaD8iFHdVGqSy4IjFL4reoWCDFw==",
      "cpu": [
        "x64"
      ],
      "license": "MIT",
      "optional": true,
      "os": [
        "darwin"
      ]
    },
    "node_modules/@msgpackr-extract/msgpackr-extract-linux-arm": {
      "version": "3.0.3",
      "resolved": "https://registry.npmjs.org/@msgpackr-extract/msgpackr-extract-linux-arm/-/msgpackr-extract-linux-arm-3.0.3.tgz",
      "integrity": "sha512-fg0uy/dG/nZEXfYilKoRe7yALaNmHoYeIoJuJ7KJ+YyU2bvY8vPv27f7UKhGRpY6euFYqEVhxCFZgAUNQBM3nw==",
      "cpu": [
        "arm"
      ],
      "license": "MIT",
      "optional": true,
      "os": [
        "linux"
      ]
    },
    "node_modules/@msgpackr-extract/msgpackr-extract-linux-arm64": {
      "version": "3.0.3",
      "resolved": "https://registry.npmjs.org/@msgpackr-extract/msgpackr-extract-linux-arm64/-/msgpackr-extract-linux-arm64-3.0.3.tgz",
      "integrity": "sha512-YxQL+ax0XqBJDZiKimS2XQaf+2wDGVa1enVRGzEvLLVFeqa5kx2bWbtcSXgsxjQB7nRqqIGFIcLteF/sHeVtQg==",
      "cpu": [
        "arm64"
      ],
      "license": "MIT",
      "optional": true,
      "os": [
        "linux"
      ]
    },
    "node_modules/@msgpackr-extract/msgpackr-extract-linux-x64": {
      "version": "3.0.3",
      "resolved": "https://registry.npmjs.org/@msgpackr-extract/msgpackr-extract-linux-x64/-/msgpackr-extract-linux-x64-3.0.3.tgz",
      "integrity": "sha512-cvwNfbP07pKUfq1uH+S6KJ7dT9K8WOE4ZiAcsrSes+UY55E/0jLYc+vq+DO7jlmqRb5zAggExKm0H7O/CBaesg==",
      "cpu": [
        "x64"
      ],
      "license": "MIT",
      "optional": true,
      "os": [
        "linux"
      ]
    },
    "node_modules/@msgpackr-extract/msgpackr-extract-win32-x64": {
      "version": "3.0.3",
      "resolved": "https://registry.npmjs.org/@msgpackr-extract/msgpackr-extract-win32-x64/-/msgpackr-extract-win32-x64-3.0.3.tgz",
      "integrity": "sha512-x0fWaQtYp4E6sktbsdAqnehxDgEc/VwM7uLsRCYWaiGu0ykYdZPiS8zCWdnjHwyiumousxfBm4SO31eXqwEZhQ==",
      "cpu": [
        "x64"
      ],
      "license": "MIT",
      "optional": true,
      "os": [
        "win32"
      ]
    },
    "node_modules/colyseus.js": {
      "version": "0.16.19",
      "resolved": "https://registry.npmjs.org/colyseus.js/-/colyseus.js-0.16.19.tgz",
      "integrity": "sha512-48cVPt5+21R79itIHpcJplMFt7HEks5chxPXtM9l+AvmFjfXO8UykIV4j+fYyKaJu6EB14AbBH0AnTvpQqnAEg==",
      "license": "MIT",
      "dependencies": {
        "@colyseus/httpie": "^2.0.0",
        "@colyseus/msgpackr": "^1.11.2",
        "@colyseus/schema": "^3.0.0",
        "tslib": "^2.1.0",
        "ws": "^8.13.0"
      },
      "engines": {
        "node": ">= 12.x"
      },
      "funding": {
        "url": "https://github.com/sponsors/endel"
      }
    },
    "node_modules/detect-libc": {
      "version": "2.0.4",
      "resolved": "https://registry.npmjs.org/detect-libc/-/detect-libc-2.0.4.tgz",
      "integrity": "sha512-3UDv+G9CsCKO1WKMGw9fwq/SWJYbI0c5Y7LU1AXYoDdbhE2AHQ6N6Nb34sG8Fj7T5APy8qXDCKuuIHd1BR0tVA==",
      "license": "Apache-2.0",
      "optional": true,
      "engines": {
        "node": ">=8"
      }
    },
    "node_modules/gl-matrix": {
      "version": "3.4.4",
      "resolved": "https://registry.npmjs.org/gl-matrix/-/gl-matrix-3.4.4.tgz",
      "integrity": "sha512-latSnyDNt/8zYUB6VIJ6PCh2jBjJX6gnDsoCZ7LyW7GkqrD51EWwa9qCoGixj8YqBtETQK/xY7OmpTF8xz1DdQ==",
      "license": "MIT"
    },
    "node_modules/msgpackr-extract": {
      "version": "3.0.3",
      "resolved": "https://registry.npmjs.org/msgpackr-extract/-/msgpackr-extract-3.0.3.tgz",
      "integrity": "sha512-P0efT1C9jIdVRefqjzOQ9Xml57zpOXnIuS+csaB4MdZbTdmGDLo8XhzBG1N7aO11gKDDkJvBLULeFTo46wwreA==",
      "hasInstallScript": true,
      "license": "MIT",
      "optional": true,
      "dependencies": {
        "node-gyp-build-optional-packages": "5.2.2"
      },
      "bin": {
        "download-msgpackr-prebuilds": "bin/download-prebuilds.js"
      },
      "optionalDependencies": {
        "@msgpackr-extract/msgpackr-extract-darwin-arm64": "3.0.3",
        "@msgpackr-extract/msgpackr-extract-darwin-x64": "3.0.3",
        "@msgpackr-extract/msgpackr-extract-linux-arm": "3.0.3",
        "@msgpackr-extract/msgpackr-extract-linux-arm64": "3.0.3",
        "@msgpackr-extract/msgpackr-extract-linux-x64": "3.0.3",
        "@msgpackr-extract/msgpackr-extract-win32-x64": "3.0.3"
      }
    },
    "node_modules/node-gyp-build-optional-packages": {
      "version": "5.2.2",
      "resolved": "https://registry.npmjs.org/node-gyp-build-optional-packages/-/node-gyp-build-optional-packages-5.2.2.tgz",
      "integrity": "sha512-s+w+rBWnpTMwSFbaE0UXsRlg7hU4FjekKU4eyAih5T8nJuNZT1nNsskXpxmeqSK9UzkBl6UgRlnKc8hz8IEqOw==",
      "license": "MIT",
      "optional": true,
      "dependencies": {
        "detect-libc": "^2.0.1"
      },
      "bin": {
        "node-gyp-build-optional-packages": "bin.js",
        "node-gyp-build-optional-packages-optional": "optional.js",
        "node-gyp-build-optional-packages-test": "build-test.js"
      }
    },
    "node_modules/planck": {
      "version": "1.4.2",
      "resolved": "https://registry.npmjs.org/planck/-/planck-1.4.2.tgz",
      "integrity": "sha512-mNbhnV3g8X2rwGxzcesjmN8BDA6qfXgQxXVMkWau9MCRlQY0RLNEkyHlVp6yFy/X6qrzAXyNONCnZ1cGDLrNew==",
      "license": "MIT",
      "engines": {
        "node": ">=14.0"
      },
      "peerDependencies": {
        "stage-js": "^1.0.0-alpha.12"
      }
    },
    "node_modules/stage-js": {
      "version": "1.0.0-alpha.17",
      "resolved": "https://registry.npmjs.org/stage-js/-/stage-js-1.0.0-alpha.17.tgz",
      "integrity": "sha512-AzlMO+t51v6cFvKZ+Oe9DJnL1OXEH5s9bEy6di5aOrUpcP7PCzI/wIeXF0u3zg0L89gwnceoKxrLId0ZpYnNXw==",
      "license": "MIT",
      "peer": true,
      "engines": {
        "node": ">=18.0"
      }
    },
    "node_modules/tslib": {
      "version": "2.8.1",
      "resolved": "https://registry.npmjs.org/tslib/-/tslib-2.8.1.tgz",
      "integrity": "sha512-oJFu94HQb+KVduSUQL7wnpmqnfmLsOA/nAh6b6EH0wCEoK0/mPeXU6c3wKDV83MkOuHPRHtSXKKU99IBazS/2w==",
      "license": "0BSD"
    },
    "node_modules/typescript": {
      "version": "5.9.2",
      "resolved": "https://registry.npmjs.org/typescript/-/typescript-5.9.2.tgz",
      "integrity": "sha512-CWBzXQrc/qOkhidw1OzBTQuYRbfyxDXJMVJ1XNwUHGROVmuaeiEm3OslpZ1RV96d7SKKjZKrSJu3+t/xlw3R9A==",
      "dev": true,
      "license": "Apache-2.0",
      "bin": {
        "tsc": "bin/tsc",
        "tsserver": "bin/tsserver"
      },
      "engines": {
        "node": ">=14.17"
      }
    },
    "node_modules/ws": {
      "version": "8.18.3",
      "resolved": "https://registry.npmjs.org/ws/-/ws-8.18.3.tgz",
      "integrity": "sha512-PEIGCY5tSlUt50cqyMXfCzX+oOPqN0vuGqWzbcJ2xvnkzkq46oOpz7dQaTDBdfICb4N14+GARUDw2XV2N4tvzg==",
      "license": "MIT",
      "engines": {
        "node": ">=10.0.0"
      },
      "peerDependencies": {
        "bufferutil": "^4.0.1",
        "utf-8-validate": ">=5.0.2"
      },
      "peerDependenciesMeta": {
        "bufferutil": {
          "optional": true
        },
        "utf-8-validate": {
          "optional": true
        }
      }
    }
  }
}
